
Microsoft Visual Studio Solution File, Format Version 12.00
# Visual Studio Version 16
VisualStudioVersion = 16.0.29519.87
MinimumVisualStudioVersion = 10.0.40219.1
Project("{F184B08F-C81C-45F6-A57F-5ABD9991F28F}") = "Activity4", "Activity4.vbproj", "{8242721D-9EC2-421B-81D6-38ED014B10EE}"
EndProject
Global
	GlobalSection(SolutionConfigurationPlatforms) = preSolution
		Debug|Any CPU = Debug|Any CPU
		Release|Any CPU = Release|Any CPU
	EndGlobalSection
	GlobalSection(ProjectConfigurationPlatforms) = postSolution
		{8242721D-9EC2-421B-81D6-38ED014B10EE}.Debug|Any CPU.ActiveCfg = Debug|Any CPU
		{8242721D-9EC2-421B-81D6-38ED014B10EE}.Debug|Any CPU.Build.0 = Debug|Any CPU
		{8242721D-9EC2-421B-81D6-38ED014B10EE}.Release|Any CPU.ActiveCfg = Release|Any CPU
		{8242721D-9EC2-421B-81D6-38ED014B10EE}.Release|Any CPU.Build.0 = Release|Any CPU
	EndGlobalSection
	GlobalSection(SolutionProperties) = preSolution
		HideSolutionNode = FALSE
	EndGlobalSection
	GlobalSection(ExtensibilityGlobals) = postSolution
		SolutionGuid = {E9431BCB-F9CC-450C-9699-CC246038CE52}
	EndGlobalSection
EndGlobal
